
Microsoft Visual Studio Solution File, Format Version 12.00
# Visual Studio 2013
VisualStudioVersion = 12.0.30501.0
MinimumVisualStudioVersion = 10.0.40219.1
Project("{FAE04EC0-301F-11D3-BF4B-00C04F79EFBC}") = "FileSystemAnalyzer", "Ksu.Cis300.FileSystemAnalyzer\FileSystemAnalyzer.csproj", "{DBBB1B7F-BE3E-4C80-8D99-E602536D04ED}"
EndProject
Global
	GlobalSection(SolutionConfigurationPlatforms) = preSolution
		Debug|Any CPU = Debug|Any CPU
		Release|Any CPU = Release|Any CPU
	EndGlobalSection
	GlobalSection(ProjectConfigurationPlatforms) = postSolution
		{DBBB1B7F-BE3E-4C80-8D99-E602536D04ED}.Debug|Any CPU.ActiveCfg = Debug|Any CPU
		{DBBB1B7F-BE3E-4C80-8D99-E602536D04ED}.Debug|Any CPU.Build.0 = Debug|Any CPU
		{DBBB1B7F-BE3E-4C80-8D99-E602536D04ED}.Release|Any CPU.ActiveCfg = Release|Any CPU
		{DBBB1B7F-BE3E-4C80-8D99-E602536D04ED}.Release|Any CPU.Build.0 = Release|Any CPU
	EndGlobalSection
	GlobalSection(SolutionProperties) = preSolution
		HideSolutionNode = FALSE
	EndGlobalSection
EndGlobal
